
Microsoft Visual Studio Solution File, Format Version 12.00
# Visual Studio Version 16
VisualStudioVersion = 16.0.30503.244
MinimumVisualStudioVersion = 10.0.40219.1
Project("{FAE04EC0-301F-11D3-BF4B-00C04F79EFBC}") = "WebApp", "WebApp.csproj", "{027BF835-9D29-4999-AEF7-6182E07085DD}"
EndProject
Project("{FAE04EC0-301F-11D3-BF4B-00C04F79EFBC}") = "DAL", "..\DAL\DAL.csproj", "{BA6A1D8D-15C0-4D8B-992A-A6C5B38F906A}"
EndProject
Global
	GlobalSection(SolutionConfigurationPlatforms) = preSolution
		Debug|Any CPU = Debug|Any CPU
		Release|Any CPU = Release|Any CPU
	EndGlobalSection
	GlobalSection(ProjectConfigurationPlatforms) = postSolution
		{027BF835-9D29-4999-AEF7-6182E07085DD}.Debug|Any CPU.ActiveCfg = Debug|Any CPU
		{027BF835-9D29-4999-AEF7-6182E07085DD}.Debug|Any CPU.Build.0 = Debug|Any CPU
		{027BF835-9D29-4999-AEF7-6182E07085DD}.Release|Any CPU.ActiveCfg = Release|Any CPU
		{027BF835-9D29-4999-AEF7-6182E07085DD}.Release|Any CPU.Build.0 = Release|Any CPU
		{BA6A1D8D-15C0-4D8B-992A-A6C5B38F906A}.Debug|Any CPU.ActiveCfg = Debug|Any CPU
		{BA6A1D8D-15C0-4D8B-992A-A6C5B38F906A}.Debug|Any CPU.Build.0 = Debug|Any CPU
		{BA6A1D8D-15C0-4D8B-992A-A6C5B38F906A}.Release|Any CPU.ActiveCfg = Release|Any CPU
		{BA6A1D8D-15C0-4D8B-992A-A6C5B38F906A}.Release|Any CPU.Build.0 = Release|Any CPU
	EndGlobalSection
	GlobalSection(SolutionProperties) = preSolution
		HideSolutionNode = FALSE
	EndGlobalSection
	GlobalSection(ExtensibilityGlobals) = postSolution
		SolutionGuid = {2EB6ACC8-2BB3-4727-8D15-771A1232F205}
	EndGlobalSection
EndGlobal
